
Microsoft Visual Studio Solution File, Format Version 12.00
# Visual Studio Version 17
VisualStudioVersion = 17.2.32616.157
MinimumVisualStudioVersion = 10.0.40219.1
Project("{FAE04EC0-301F-11D3-BF4B-00C04F79EFBC}") = "aula0205", "aula0205\aula0205.csproj", "{035A0155-BE6F-4EBC-97AD-58716C79424A}"
EndProject
Global
	GlobalSection(SolutionConfigurationPlatforms) = preSolution
		Debug|Any CPU = Debug|Any CPU
		Release|Any CPU = Release|Any CPU
	EndGlobalSection
	GlobalSection(ProjectConfigurationPlatforms) = postSolution
		{035A0155-BE6F-4EBC-97AD-58716C79424A}.Debug|Any CPU.ActiveCfg = Debug|Any CPU
		{035A0155-BE6F-4EBC-97AD-58716C79424A}.Debug|Any CPU.Build.0 = Debug|Any CPU
		{035A0155-BE6F-4EBC-97AD-58716C79424A}.Release|Any CPU.ActiveCfg = Release|Any CPU
		{035A0155-BE6F-4EBC-97AD-58716C79424A}.Release|Any CPU.Build.0 = Release|Any CPU
	EndGlobalSection
	GlobalSection(SolutionProperties) = preSolution
		HideSolutionNode = FALSE
	EndGlobalSection
	GlobalSection(ExtensibilityGlobals) = postSolution
		SolutionGuid = {20907D33-2F4E-4CC4-81AD-DAEF51B343D4}
	EndGlobalSection
EndGlobal
